version: 2.0.0
installed_at: '2026-02-23T08:46:10.853840Z'
profile: null
stacks:
  nextjs:
    name: nextjs
    options:
      ui: tailwind
      state: zustand
  fastapi:
    name: fastapi
    options:
      db: postgresql
file_checksums:
  .claude/agents/performance-auditor.md: abd4afebcf0cb133af8ae6beb36b5321
  .claude/agents/migration-planner.md: 11b937676514d2e1a6bbd47593724fef
  .claude/agents/security-auditor.md: c1e073cb27cf476ffa09a4cc2885b51d
  .claude/agents/dependency-auditor.md: de2854fd35af6bd4775b4ec9a4f21f14
  .claude/agents/eval-agent.md: a909948510fc4f878630992217f72431
  .claude/agents/mobile-verifier.md: 89c7e5cd3850aa272601705839d6aa60
  .claude/agents/ui-cloner.md: b30527af46cd30e101e608dd99bb5a99
  .claude/agents/grind.md: 564ea2a6e5c0edd9b9ac8df0c630782e
  .claude/agents/api-generator.md: 35aabef8fc4e09c9ad274472006d5527
  .claude/agents/accessibility-auditor.md: 36bf745e60064cfb547aa8135f04520a
  .claude/agents/api-designer.md: db8d57b99d1977873e8c2adaa0dbb565
  .claude/agents/backend-verifier.md: e0be72d6d2c0799b46db62bfe51d86e0
  .claude/agents/site-analyzer.md: 27decea0e2a69f77a6feb1d522ef1e41
  .claude/agents/frontend-verifier.md: 9872854f5f2b2d1b54035b23249e92b1
  .claude/agents/orchestrator.md: bdeb0b227cc5e6fb23991970490301c5
  .claude/agents/documentation-specialist.md: bc6e2161a7ecd2e3721b8eb7cac52c3c
  .claude/agents/frontend-developer.md: 5ffa73fa66f6ade49df57f0d128effb9
  .claude/agents/frontend-tester.md: 8a3111a7d535fe534427299405900a49
  .claude/agents/frontend-reviewer.md: de8a7140fb9c722b2d395a1904684868
  .claude/agents/backend-developer.md: 9f111424deb200e8491ff2296e3043c8
  .claude/agents/backend-tester.md: 33b6524903bbd79b69f868f2c06e9cd7
  .claude/agents/backend-reviewer.md: afca44861ef38d26090e35074840c2ae
  .claude/skills/pm/SKILL.md: 26889c658c3cbd083c3d7cf819d3b1bc
  .claude/skills/recap/SKILL.md: d81a1fa5f487915adc338bf5d559bd3a
  .claude/skills/new-stack/SKILL.md: d3f07af78164d4d14a1ec3ad8abb0949
  .claude/skills/new-stack/references/developer-agent.md.j2.txt: eb0d5084830fdc170baf021476cd0f16
  .claude/skills/new-stack/references/reviewer-agent.md.j2.txt: ef74a6b702336b9c60c25917edd914b5
  .claude/skills/new-stack/references/styles-template.md.txt: 57880c7fc274fd0f6249cf4ee5eb73ce
  .claude/skills/new-stack/references/patterns-template.md.txt: 80ff5c11c80a8772d79e457e45eaad5f
  .claude/skills/new-stack/references/skill-template.md.txt: eb9625511afe7b32e3e3926fa37236ce
  .claude/skills/new-stack/references/tester-agent.md.j2.txt: bef3386422540c1738576d7d5d02d763
  .claude/skills/new-stack/references/stack-yaml-template.yaml: 27ed2928d58793bb7408ccd530952bc2
  .claude/skills/parallel/SKILL.md: eb8b0b4f63ef2e914c8c760a93a64bb1
  .claude/skills/parallel/scripts/spawn-worktree.sh: 42d36783753dedf8220bf3bec64de3d5
  .claude/skills/parallel/scripts/cleanup-worktrees.sh: 0f5de1ae677473a6a2307f3709e55f61
  .claude/skills/parallel/scripts/collect-results.sh: 59bcf327dd1f28d279d3353ef6e41128
  .claude/skills/branch/SKILL.md: bd30af9e53b3e070bf86a4298d2e6c8d
  .claude/skills/test/SKILL.md: 30652e09f5b4566bf695c713a419d688
  .claude/skills/test/references/pytest-patterns.md: 29fcb4a0b06ffc59a772a64ac19cc63b
  .claude/skills/verify/SKILL.md: c3c7c00215ee285ade77470719db7662
  .claude/skills/security/SKILL.md: f9d7c2f3db4760d53672071f86d50d25
  .claude/skills/sequential/SKILL.md: 69a665a7c0787d9938ab53892f48a7c4
  .claude/skills/sequential/scripts/run-pipeline.sh: e76ab89d9f38ae2523fd6da1d3b8dae5
  .claude/skills/analyze-site/SKILL.md: 39f4eb31862d5ed8512187abdf589177
  .claude/skills/delegate/SKILL.md: e357109f13367802c658af56229ca086
  .claude/skills/docs/SKILL.md: 3ec719887162403eb23174003b645c4a
  .claude/skills/review/SKILL.md: c4799996a265a7b2e2645ebb68f94601
  .claude/skills/review/references/fastapi-patterns.md: 8fb2eee0b5d97b6174bd82beda721f8e
  .claude/skills/review/references/fastapi-security.md: 6170402318dde51b20ecbe210f9b5b54
  .claude/skills/eval/SKILL.md: a15a8600add742264918105b0389ce85
  .claude/skills/eval/references/eval-rubrics.md: d2a877c0ee88038ea1a944e3226fb4c9
  .claude/skills/eval/references/eval-metrics.md: 0151ad95b73d4d2750df27ad6d76cc22
  .claude/skills/ship/SKILL.md: fbf1f4384624fafb6697a0f4f06a3174
  .claude/skills/sync/SKILL.md: 8d2dc0a6abb1f37bbf97a45210da6a1c
  .claude/skills/clone-page/SKILL.md: 6bf80808b32f1da487acc9c5f2331511
  .claude/skills/new-component/SKILL.md: 65dee9c381d6041272ce8834374947e7
  .claude/skills/new-component/references/component-examples.md: f2c908a7d3abd73da62e488aa3571334
  .claude/skills/new-page/SKILL.md: 72e4a13d93c291b1f1c0edffa3e8bcbf
  .claude/skills/new-page/references/page-examples.md: 219b542e711166d5ee7d5a51a554ad38
  .claude/skills/new-container/SKILL.md: 51e725480e9a0efc38149e5cf6e63102
  .claude/skills/new-container/references/container-examples.md: f3f0780e25949e22d641ab7ce800a0c7
  .claude/skills/new-context/SKILL.md: 37bf02f36b65a74c7265221c4487f669
  .claude/skills/new-context/references/context-examples.md: fadc89d9600f3ea622200f0b7f110fea
  .claude/skills/new-form/SKILL.md: bcf7da58b4dbcf2dc5a9f09d85c5ea04
  .claude/skills/new-form/references/form-examples.md: dc8232bb7822fa160111cf534a55033f
  .claude/skills/new-api-service/SKILL.md: ab13bd4144671793e58f2aebb7f7ec7f
  .claude/skills/new-api-service/references/api-service-examples.md: 98c96e1aea8f5d40ef6b5dda364fa7da
  .claude/skills/new-server-action/SKILL.md: 1d61fdea5a61c3ff0054d8b8dab54630
  .claude/skills/new-server-action/references/server-action-examples.md: 13babbf5cf07eb5696a65478c931f258
  .claude/skills/new-hook/SKILL.md: 5a7568560e53b4359a3700938bb3062f
  .claude/skills/new-hook/references/hook-examples.md: 6670d4b932e0c06549b3a1a7fbd6012f
  .claude/skills/new-layout/SKILL.md: 264c58c8aedb7279aa983f1edbbcabf7
  .claude/skills/new-layout/references/layout-examples.md: 851c9a84996ab404cf0633821c04fd80
  .claude/skills/new-router/SKILL.md: 36a9798211e92c5c6858196f4b9630ac
  .claude/skills/new-router/references/router-examples.md: db7f9bbb78ffe5510e2ea157a27df887
  .claude/skills/new-schema/SKILL.md: bac35b9565e7c7368dd36154b5963262
  .claude/skills/new-schema/references/schema-examples.md: 415924e56673ad4ee1fbc32f315bd77a
  .claude/skills/new-model/SKILL.md: 9a28f4376c59f8b7dce54caa8baaac86
  .claude/skills/new-model/references/model-examples.md: c451aaf3418aadd88f7361274f867d30
  .claude/skills/new-service/SKILL.md: 931f988ab7dad8dbde9e2fe65aa90bbb
  .claude/skills/new-service/references/service-examples.md: 3c235a2377e2c33f33faa0593a94a565
  .claude/skills/new-migration/SKILL.md: f697fe86a19b840894bc2dd1e352d2a1
  .claude/skills/new-migration/references/migration-examples.md: fba93ab01a5dc47ad14dffede350c193
  .claude/skills/db-migrate/SKILL.md: 028e80f2a6e242559c8ef9cc2fece31b
  .claude/skills/new-test/SKILL.md: 121848b90dc4b448f5d12d30cc2090d1
  .claude/skills/new-test/references/test-examples.md: d8883bc2063ec6d7bfb59a30656ff351
  .claude/skills/new-task/SKILL.md: f34a61de5245ed6bcf83405321b6c701
  .claude/skills/new-task/references/task-examples.md: 74efcec95e821c8dbbcfbf31a84b5639
  .claude/skills/new-middleware/SKILL.md: 6a35b0b796f3c5fa3778900be4988cc0
  .claude/skills/new-middleware/references/middleware-examples.md: f4b1f2fd97422ad0e12629944488b97a
  .claude/skills/new-dependency/SKILL.md: 83da4952b4cfb0bfb87bca1a77600509
  .claude/skills/new-dependency/references/dependency-examples.md: d4829cd46599bf63e1769f6f9ca7ec71
  .claude/hooks/session-save.sh: 1dda6413a19d74dae01ea13b46253311
  .claude/hooks/task-complete.sh: 9421d157e64a7b0246072d4b0bb15fad
  .claude/hooks/pre-commit.sh: e944df98983b93e83fb64440b9c51008
  .claude/hooks/session-end.sh: 4f38239c814110581d8ed4602a80d964
  .claude/hooks/track-changes.sh: ba059a0d32678b8f87b89d6538b2668b
  .claude/patterns/frontend-patterns.md: 16fb058f08ca344670e15d272993133e
  .claude/patterns/auth.md: dbe86d16215285f098e63a406d33e46a
  .claude/patterns/pagination.md: 54416124b9e19a0200273819ebfc723b
  .claude/patterns/i18n.md: a2c80ca7520e1edc373050312f282754
  .claude/patterns/logging.md: 693b5bd04000080cf086466ac3f14b72
  .claude/patterns/error-tracking.md: 14f413bc0ced375cdae2b357580d70e5
  .claude/patterns/browser-cloning.md: ab44acef66ecbb1385048e0f01a2b5ab
  .claude/patterns/verification.md: aceb58685f66c52b109555da3fb13bd0
  .claude/patterns/zustand.md: abc2365cdf717f8616981ed513ebd3fd
  .claude/patterns/backend-patterns.md: 9a76ae1c8b04ca3555900ab18070ec22
  .claude/patterns/oauth.md: 8db38e809d5f95d8055e5ed6f749633c
  .claude/patterns/rate-limiting.md: e858d3f415cc87e9e704b75956147a47
  .claude/patterns/caching.md: c065759d2d45829b1c1985d9904e5cb8
  .claude/styles/frontend-typescript.md: 82e9683880f556764e3a4cf68a1186c6
  .claude/styles/tailwind.md: bfaa7f255064b1dab74d67f55f29bc6a
  .claude/styles/backend-python.md: d65aedac603e5bcae32febaeba3b5dde
  .claude/styles/async-patterns.md: 3ddb2e84b98134c0d06d3d0f1020649a
  .claude/settings.json: 624776feeabb5f3c9ec88c07eb6dc727
  CLAUDE.md: 83b8b19230f32ceb35c3f24b14fbc864
